PODS:
  - BrightFutures (6.0.1):
    - Result (~> 3.2.4)
  - Realm (3.3.0):
    - Realm/Headers (= 3.3.0)
  - Realm/Headers (3.3.0)
  - RealmSwift (3.3.0):
    - Realm (= 3.3.0)
  - Result (3.2.4)
  - SceneKitVideoRecorder (1.5.1):
    - BrightFutures

DEPENDENCIES:
  - RealmSwift
  - SceneKitVideoRecorder (from `https://github.com/svtek/SceneKitVideoRecorder.git`, branch `swift4`)

SPEC REPOS:
  https://github.com/CocoaPods/Specs.git:
    - BrightFutures
    - Realm
    - RealmSwift
    - Result

EXTERNAL SOURCES:
  SceneKitVideoRecorder:
    :branch: swift4
    :git: https://github.com/svtek/SceneKitVideoRecorder.git

CHECKOUT OPTIONS:
  SceneKitVideoRecorder:
    :commit: 71e239324b2a0366ab3a499e076f70ced50d7a70
    :git: https://github.com/svtek/SceneKitVideoRecorder.git

SPEC CHECKSUMS:
  BrightFutures: 9c03dab79e73ffe504b7bafc15c5bfdaeee54890
  Realm: 7d74ad6c5020432f58fe5e1df90bb6d97b2c7fef
  RealmSwift: b2fa31a09c22e246026766557405505eeaad2b01
  Result: d2d07204ce72856f1fd9130bbe42c35a7b0fea10
  SceneKitVideoRecorder: a8b42606f488c2c8cab6be622201d5036c1bd12d

PODFILE CHECKSUM: f924d35b2b46458f98fcfb6cabeb0d462fbc4e96

COCOAPODS: 1.5.0
